
Microsoft Visual Studio Solution File, Format Version 12.00
# Visual Studio Version 17
VisualStudioVersion = 17.4.33213.308
MinimumVisualStudioVersion = 10.0.40219.1
Project("{FAE04EC0-301F-11D3-BF4B-00C04F79EFBC}") = "DatingApp.API", "DatingApp.API\DatingApp.API.csproj", "{237AF080-DE57-4277-88BE-CD9127E8F0FB}"
EndProject
Global
	GlobalSection(SolutionConfigurationPlatforms) = preSolution
		Debug|Any CPU = Debug|Any CPU
		Release|Any CPU = Release|Any CPU
	EndGlobalSection
	GlobalSection(ProjectConfigurationPlatforms) = postSolution
		{237AF080-DE57-4277-88BE-CD9127E8F0FB}.Debug|Any CPU.ActiveCfg = Debug|Any CPU
		{237AF080-DE57-4277-88BE-CD9127E8F0FB}.Debug|Any CPU.Build.0 = Debug|Any CPU
		{237AF080-DE57-4277-88BE-CD9127E8F0FB}.Release|Any CPU.ActiveCfg = Release|Any CPU
		{237AF080-DE57-4277-88BE-CD9127E8F0FB}.Release|Any CPU.Build.0 = Release|Any CPU
	EndGlobalSection
	GlobalSection(SolutionProperties) = preSolution
		HideSolutionNode = FALSE
	EndGlobalSection
	GlobalSection(ExtensibilityGlobals) = postSolution
		SolutionGuid = {264C834A-691A-48D8-8157-FE3C202F3A9F}
	EndGlobalSection
EndGlobal
